PODS:
  - Flutter (1.0.0)
  - screen_brightness (0.0.1):
    - Flutter

DEPENDENCIES:
  - Flutter (from `Flutter`)
  - screen_brightness (from `.symlinks/plugins/screen_brightness/ios`)

EXTERNAL SOURCES:
  Flutter:
    :path: Flutter
  screen_brightness:
    :path: ".symlinks/plugins/screen_brightness/ios"

SPEC CHECKSUMS:
  Flutter: 0e3d915762c693b495b44d77113d4970485de6ec
  screen_brightness: 000a679db99e37fb1510f04ab98c206af973134d

PODFILE CHECKSUM: aafe91acc616949ddb318b77800a7f51bffa2a4c

COCOAPODS: 1.10.1
